<?xml version="1.0" encoding="utf-8"?>
<Project ToolsVersion="4.0" xmlns="http://schemas.microsoft.com/developer/msbuild/2003">
  <ItemGroup>
    <Filter Include="Source Files">
      <UniqueIdentifier>{4FC737F1-C7A5-4376-A066-2A32D752A2FF}</UniqueIdentifier>
      <Extensions>cpp;c;cc;cxx;def;odl;idl;hpj;bat;asm;asmx</Extensions>
    </Filter>
    <Filter Include="Header Files">
      <UniqueIdentifier>{93995380-89BD-4b04-88EB-625FBE52EBFB}</UniqueIdentifier>
      <Extensions>h;hpp;hxx;hm;inl;inc;xsd</Extensions>
    </Filter>
    <Filter Include="Resource Files">
      <UniqueIdentifier>{67DA6AB6-F800-4c08-8B7A-83BB121AAD01}</UniqueIdentifier>
      <Extensions>rc;ico;cur;bmp;dlg;rc2;rct;bin;rgs;gif;jpg;jpeg;jpe;resx;tiff;tif;png;wav;mfcribbon-ms</Extensions>
    </Filter>
    <Filter Include="Resource Files\Knights">
      <UniqueIdentifier>{fb15bfc4-e073-4fab-a304-61c8d6d01aef}</UniqueIdentifier>
    </Filter>
    <Filter Include="Resource Files\Other">
      <UniqueIdentifier>{a24c7eba-36c9-4c58-b6cc-29db6ccdc536}</UniqueIdentifier>
    </Filter>
    <Filter Include="Resource Files\Documents">
      <UniqueIdentifier>{0195d310-6ac2-410a-86dd-eea4567c6161}</UniqueIdentifier>
    </Filter>
  </ItemGroup>
  <ItemGroup>
    <ClInclude Include="..\Sources\Animation.h">
      <Filter>Header Files</Filter>
    </ClInclude>
    <ClInclude Include="..\Sources\AreaEffect.h">
      <Filter>Header Files</Filter>
    </ClInclude>
    <ClInclude Include="..\Sources\BaseState.h">
      <Filter>Header Files</Filter>
    </ClInclude>
    <ClInclude Include="..\Sources\BuffEffect.h">
      <Filter>Header Files</Filter>
    </ClInclude>
    <ClInclude Include="..\Sources\Camera.h">
      <Filter>Header Files</Filter>
    </ClInclude>
    <ClInclude Include="..\Sources\CharacterSelectState.h">
      <Filter>Header Files</Filter>
    </ClInclude>
    <ClInclude Include="..\Sources\Color.h">
      <Filter>Header Files</Filter>
    </ClInclude>
    <ClInclude Include="..\Sources\Effect.h">
      <Filter>Header Files</Filter>
    </ClInclude>
    <ClInclude Include="..\Sources\Entity.h">
      <Filter>Header Files</Filter>
    </ClInclude>
    <ClInclude Include="..\Sources\Font.h">
      <Filter>Header Files</Filter>
    </ClInclude>
    <ClInclude Include="..\Sources\GameState.h">
      <Filter>Header Files</Filter>
    </ClInclude>
    <ClInclude Include="..\Sources\Input.h">
      <Filter>Header Files</Filter>
    </ClInclude>
    <ClInclude Include="..\Sources\Key.h">
      <Filter>Header Files</Filter>
    </ClInclude>
    <ClInclude Include="..\Sources\Keymap.h">
      <Filter>Header Files</Filter>
    </ClInclude>
    <ClInclude Include="..\Sources\Knight.h">
      <Filter>Header Files</Filter>
    </ClInclude>
    <ClInclude Include="..\Sources\Level.h">
      <Filter>Header Files</Filter>
    </ClInclude>
    <ClInclude Include="..\Sources\MenuState.h">
      <Filter>Header Files</Filter>
    </ClInclude>
    <ClInclude Include="..\Sources\Music.h">
      <Filter>Header Files</Filter>
    </ClInclude>
    <ClInclude Include="..\Sources\PlayerActor.h">
      <Filter>Header Files</Filter>
    </ClInclude>
    <ClInclude Include="..\Sources\PlayerController.h">
      <Filter>Header Files</Filter>
    </ClInclude>
    <ClInclude Include="..\Sources\Projectile.h">
      <Filter>Header Files</Filter>
    </ClInclude>
    <ClInclude Include="..\Sources\ProjectileSpawner.h">
      <Filter>Header Files</Filter>
    </ClInclude>
    <ClInclude Include="..\Sources\PugiXML.h">
      <Filter>Header Files</Filter>
    </ClInclude>
    <ClInclude Include="..\Sources\Rectangle.h">
      <Filter>Header Files</Filter>
    </ClInclude>
    <ClInclude Include="..\Sources\ScoreState.h">
      <Filter>Header Files</Filter>
    </ClInclude>
    <ClInclude Include="..\Sources\SDL.h">
      <Filter>Header Files</Filter>
    </ClInclude>
    <ClInclude Include="..\Sources\SFX.h">
      <Filter>Header Files</Filter>
    </ClInclude>
    <ClInclude Include="..\Sources\Sound.h">
      <Filter>Header Files</Filter>
    </ClInclude>
    <ClInclude Include="..\Sources\SpecialCombo.h">
      <Filter>Header Files</Filter>
    </ClInclude>
    <ClInclude Include="..\Sources\Sprite.h">
      <Filter>Header Files</Filter>
    </ClInclude>
    <ClInclude Include="..\Sources\StateData.h">
      <Filter>Header Files</Filter>
    </ClInclude>
    <ClInclude Include="..\Sources\StateManager.h">
      <Filter>Header Files</Filter>
    </ClInclude>
    <ClInclude Include="..\Sources\Text.h">
      <Filter>Header Files</Filter>
    </ClInclude>
    <ClInclude Include="..\Sources\Texture.h">
      <Filter>Header Files</Filter>
    </ClInclude>
    <ClInclude Include="..\Sources\Timer.h">
      <Filter>Header Files</Filter>
    </ClInclude>
    <ClInclude Include="..\Sources\TrapEffect.h">
      <Filter>Header Files</Filter>
    </ClInclude>
    <ClInclude Include="..\Sources\TrapSpawner.h">
      <Filter>Header Files</Filter>
    </ClInclude>
    <ClInclude Include="..\Sources\VictoryState.h">
      <Filter>Header Files</Filter>
    </ClInclude>
    <ClInclude Include="..\Sources\Window.h">
      <Filter>Header Files</Filter>
    </ClInclude>
  </ItemGroup>
  <ItemGroup>
    <ClCompile Include="..\Sources\Animation.cpp">
      <Filter>Source Files</Filter>
    </ClCompile>
    <ClCompile Include="..\Sources\AreaEffect.cpp">
      <Filter>Source Files</Filter>
    </ClCompile>
    <ClCompile Include="..\Sources\BuffEffect.cpp">
      <Filter>Source Files</Filter>
    </ClCompile>
    <ClCompile Include="..\Sources\Camera.cpp">
      <Filter>Source Files</Filter>
    </ClCompile>
    <ClCompile Include="..\Sources\CharacterSelectState.cpp">
      <Filter>Source Files</Filter>
    </ClCompile>
    <ClCompile Include="..\Sources\Color.cpp">
      <Filter>Source Files</Filter>
    </ClCompile>
    <ClCompile Include="..\Sources\Effect.cpp">
      <Filter>Source Files</Filter>
    </ClCompile>
    <ClCompile Include="..\Sources\Font.cpp">
      <Filter>Source Files</Filter>
    </ClCompile>
    <ClCompile Include="..\Sources\GameState.cpp">
      <Filter>Source Files</Filter>
    </ClCompile>
    <ClCompile Include="..\Sources\Input.cpp">
      <Filter>Source Files</Filter>
    </ClCompile>
    <ClCompile Include="..\Sources\Key.cpp">
      <Filter>Source Files</Filter>
    </ClCompile>
    <ClCompile Include="..\Sources\Knight.cpp">
      <Filter>Source Files</Filter>
    </ClCompile>
    <ClCompile Include="..\Sources\Level.cpp">
      <Filter>Source Files</Filter>
    </ClCompile>
    <ClCompile Include="..\Sources\main.cpp">
      <Filter>Source Files</Filter>
    </ClCompile>
    <ClCompile Include="..\Sources\MenuState.cpp">
      <Filter>Source Files</Filter>
    </ClCompile>
    <ClCompile Include="..\Sources\Music.cpp">
      <Filter>Source Files</Filter>
    </ClCompile>
    <ClCompile Include="..\Sources\PlayerActor.cpp">
      <Filter>Source Files</Filter>
    </ClCompile>
    <ClCompile Include="..\Sources\PlayerController.cpp">
      <Filter>Source Files</Filter>
    </ClCompile>
    <ClCompile Include="..\Sources\Projectile.cpp">
      <Filter>Source Files</Filter>
    </ClCompile>
    <ClCompile Include="..\Sources\ProjectileSpawner.cpp">
      <Filter>Source Files</Filter>
    </ClCompile>
    <ClCompile Include="..\Sources\PugiXML.cpp">
      <Filter>Source Files</Filter>
    </ClCompile>
    <ClCompile Include="..\Sources\Rectangle.cpp">
      <Filter>Source Files</Filter>
    </ClCompile>
    <ClCompile Include="..\Sources\ScoreState.cpp">
      <Filter>Source Files</Filter>
    </ClCompile>
    <ClCompile Include="..\Sources\SDL.cpp">
      <Filter>Source Files</Filter>
    </ClCompile>
    <ClCompile Include="..\Sources\SFX.cpp">
      <Filter>Source Files</Filter>
    </ClCompile>
    <ClCompile Include="..\Sources\Sound.cpp">
      <Filter>Source Files</Filter>
    </ClCompile>
    <ClCompile Include="..\Sources\SpecialCombo.cpp">
      <Filter>Source Files</Filter>
    </ClCompile>
    <ClCompile Include="..\Sources\Sprite.cpp">
      <Filter>Source Files</Filter>
    </ClCompile>
    <ClCompile Include="..\Sources\StateData.cpp">
      <Filter>Source Files</Filter>
    </ClCompile>
    <ClCompile Include="..\Sources\StateManager.cpp">
      <Filter>Source Files</Filter>
    </ClCompile>
    <ClCompile Include="..\Sources\Text.cpp">
      <Filter>Source Files</Filter>
    </ClCompile>
    <ClCompile Include="..\Sources\Texture.cpp">
      <Filter>Source Files</Filter>
    </ClCompile>
    <ClCompile Include="..\Sources\Timer.cpp">
      <Filter>Source Files</Filter>
    </ClCompile>
    <ClCompile Include="..\Sources\TrapEffect.cpp">
      <Filter>Source Files</Filter>
    </ClCompile>
    <ClCompile Include="..\Sources\TrapSpawner.cpp">
      <Filter>Source Files</Filter>
    </ClCompile>
    <ClCompile Include="..\Sources\VictoryState.cpp">
      <Filter>Source Files</Filter>
    </ClCompile>
    <ClCompile Include="..\Sources\Window.cpp">
      <Filter>Source Files</Filter>
    </ClCompile>
  </ItemGroup>
  <ItemGroup>
    <Xml Include="..\Scripts\raptorknight.xml">
      <Filter>Resource Files\Knights</Filter>
    </Xml>
    <Xml Include="..\Scripts\rogueknight.xml">
      <Filter>Resource Files\Knights</Filter>
    </Xml>
    <Xml Include="..\Scripts\samuraiknight.xml">
      <Filter>Resource Files\Knights</Filter>
    </Xml>
    <Xml Include="..\Scripts\skeletonknight.xml">
      <Filter>Resource Files\Knights</Filter>
    </Xml>
    <Xml Include="..\Scripts\stormknight.xml">
      <Filter>Resource Files\Knights</Filter>
    </Xml>
    <Xml Include="..\Scripts\wizardknight.xml">
      <Filter>Resource Files\Knights</Filter>
    </Xml>
    <Xml Include="..\Scripts\arcticknight.xml">
      <Filter>Resource Files\Knights</Filter>
    </Xml>
    <Xml Include="..\Scripts\bardknight.xml">
      <Filter>Resource Files\Knights</Filter>
    </Xml>
    <Xml Include="..\Scripts\boxingknight.xml">
      <Filter>Resource Files\Knights</Filter>
    </Xml>
    <Xml Include="..\Scripts\cactusknight.xml">
      <Filter>Resource Files\Knights</Filter>
    </Xml>
    <Xml Include="..\Scripts\cockknight.xml">
      <Filter>Resource Files\Knights</Filter>
    </Xml>
    <Xml Include="..\Scripts\deathknight.xml">
      <Filter>Resource Files\Knights</Filter>
    </Xml>
    <Xml Include="..\Scripts\doomknight.xml">
      <Filter>Resource Files\Knights</Filter>
    </Xml>
    <Xml Include="..\Scripts\dragonknight.xml">
      <Filter>Resource Files\Knights</Filter>
    </Xml>
    <Xml Include="..\Scripts\ghostknight.xml">
      <Filter>Resource Files\Knights</Filter>
    </Xml>
    <Xml Include="..\Scripts\knightknight.xml">
      <Filter>Resource Files\Knights</Filter>
    </Xml>
    <Xml Include="..\Scripts\lanternknight.xml">
      <Filter>Resource Files\Knights</Filter>
    </Xml>
    <Xml Include="..\Scripts\popeknight.xml">
      <Filter>Resource Files\Knights</Filter>
    </Xml>
    <Xml Include="..\Scripts\levels.xml">
      <Filter>Resource Files\Other</Filter>
    </Xml>
    <Xml Include="..\Scripts\roster.xml">
      <Filter>Resource Files\Other</Filter>
    </Xml>
    <Xml Include="..\Scripts\Controls.xml">
      <Filter>Resource Files\Other</Filter>
    </Xml>
    <Xml Include="..\Scripts\DefaultControls.xml">
      <Filter>Resource Files\Other</Filter>
    </Xml>
  </ItemGroup>
  <ItemGroup>
    <Text Include="..\Docs\TODO.txt">
      <Filter>Resource Files\Documents</Filter>
    </Text>
  </ItemGroup>
</Project>